
Microsoft Visual Studio Solution File, Format Version 12.00
# Visual Studio Version 17
VisualStudioVersion = 17.14.36616.10 d17.14
MinimumVisualStudioVersion = 10.0.40219.1
Project("{FAE04EC0-301F-11D3-BF4B-00C04F79EFBC}") = "ShoppingListArturWykurz", "ShoppingListArturWykurz\ShoppingListArturWykurz.csproj", "{A94F02B1-2362-4D1E-AB40-EEBF3E171348}"
EndProject
Global
	GlobalSection(SolutionConfigurationPlatforms) = preSolution
		Debug|Any CPU = Debug|Any CPU
		Release|Any CPU = Release|Any CPU
	EndGlobalSection
	GlobalSection(ProjectConfigurationPlatforms) = postSolution
		{A94F02B1-2362-4D1E-AB40-EEBF3E171348}.Debug|Any CPU.ActiveCfg = Debug|Any CPU
		{A94F02B1-2362-4D1E-AB40-EEBF3E171348}.Debug|Any CPU.Build.0 = Debug|Any CPU
		{A94F02B1-2362-4D1E-AB40-EEBF3E171348}.Release|Any CPU.ActiveCfg = Release|Any CPU
		{A94F02B1-2362-4D1E-AB40-EEBF3E171348}.Release|Any CPU.Build.0 = Release|Any CPU
	EndGlobalSection
	GlobalSection(SolutionProperties) = preSolution
		HideSolutionNode = FALSE
	EndGlobalSection
	GlobalSection(ExtensibilityGlobals) = postSolution
		SolutionGuid = {B3063E71-CB23-46B0-98D3-68746E2ECEEA}
	EndGlobalSection
EndGlobal
